{
  "name": "oled-ssd1306",
  "version": "1.0.0",
  "lockfileVersion": 1,
  "requires": true,
  "dependencies": {
    "async": {
      "version": "2.6.0",
      "resolved": "https://registry.npmjs.org/async/-/async-2.6.0.tgz",
      "integrity": "sha512-xAfGg1/NTLBBKlHFmnd7PlmUW9KhVQIUuSrYem9xzFUZy13ScvtyGGejaae9iAVRiRq9+Cx7DPFaAAhCpyxyPw==",
      "requires": {
        "lodash": "4.17.5"
      }
    },
    "bindings": {
      "version": "1.2.1",
      "resolved": "https://registry.npmjs.org/bindings/-/bindings-1.2.1.tgz",
      "integrity": "sha1-FK1hE4EtLTfXLme0ystLtyZQXxE="
    },
    "canvas": {
      "version": "1.6.10",
      "resolved": "https://registry.npmjs.org/canvas/-/canvas-1.6.10.tgz",
      "integrity": "sha512-wd97ZrUfLYWjQ0qcJGiM44anXB+RviRu3DETpPIS4Sf7JzhP9PawwHdZOlx8sufcsRSeWuQe93qaCtwvK1jWXQ==",
      "requires": {
        "nan": "2.10.0"
      },
      "dependencies": {
        "nan": {
          "version": "2.10.0",
          "resolved": "https://registry.npmjs.org/nan/-/nan-2.10.0.tgz",
          "integrity": "sha512-bAdJv7fBLhWC+/Bls0Oza+mvTaNQtP+1RyhhhvD95pgUJz6XM5IzgmxOkItJ9tkoCiplvAnXI1tNmmUD/eScyA=="
        }
      }
    },
    "coffee-script": {
      "version": "1.9.1",
      "resolved": "https://registry.npmjs.org/coffee-script/-/coffee-script-1.9.1.tgz",
      "integrity": "sha1-xFjQIgD0YNBkp5y2qx7m4snKHDE="
    },
    "floyd-steinberg": {
      "version": "1.0.5",
      "resolved": "https://registry.npmjs.org/floyd-steinberg/-/floyd-steinberg-1.0.5.tgz",
      "integrity": "sha1-ece4HnBXRQpAaea2FIboHHiQuIw="
    },
    "fs": {
      "version": "0.0.1-security",
      "resolved": "https://registry.npmjs.org/fs/-/fs-0.0.1-security.tgz",
      "integrity": "sha1-invTcYa23d84E/I4WLV+yq9eQdQ="
    },
    "i2c": {
      "version": "0.2.3",
      "resolved": "https://registry.npmjs.org/i2c/-/i2c-0.2.3.tgz",
      "integrity": "sha1-9D9wKBQQJq5IrymQo3RjPR2rPSs=",
      "requires": {
        "bindings": "1.2.1",
        "coffee-script": "1.9.1",
        "nan": "2.3.5",
        "repl": "0.1.3",
        "underscore": "1.8.2"
      }
    },
    "lodash": {
      "version": "4.17.5",
      "resolved": "https://registry.npmjs.org/lodash/-/lodash-4.17.5.tgz",
      "integrity": "sha512-svL3uiZf1RwhH+cWrfZn3A4+U58wbP0tGVTLQPbjplZxZ8ROD9VLuNgsRniTlLe7OlSqR79RUehXgpBW/s0IQw=="
    },
    "nan": {
      "version": "2.3.5",
      "resolved": "https://registry.npmjs.org/nan/-/nan-2.3.5.tgz",
      "integrity": "sha1-gioNwmYpDOTNOhIoLKPn42Rmigg="
    },
    "oled-font-5x7": {
      "version": "1.0.0",
      "resolved": "https://registry.npmjs.org/oled-font-5x7/-/oled-font-5x7-1.0.0.tgz",
      "integrity": "sha1-SVmFzigIyg2aFucOXvYGgH5sg6Y="
    },
    "oled-js-pi": {
      "version": "1.0.5",
      "resolved": "https://registry.npmjs.org/oled-js-pi/-/oled-js-pi-1.0.5.tgz",
      "integrity": "sha1-hgG99clK1pSYvxYQ6WhF/36VTDg=",
      "requires": {
        "i2c": "0.2.3"
      }
    },
    "oled-ssd1306-i2c": {
      "version": "1.0.6",
      "resolved": "https://registry.npmjs.org/oled-ssd1306-i2c/-/oled-ssd1306-i2c-1.0.6.tgz",
      "integrity": "sha1-mysTasYYLh74eKmcBtsxHdFvswc=",
      "requires": {
        "i2c": "0.2.3",
        "oled-font-5x7": "1.0.0",
        "png-to-lcd": "1.0.3",
        "pngparse": "2.0.1"
      }
    },
    "png-to-lcd": {
      "version": "1.0.3",
      "resolved": "https://registry.npmjs.org/png-to-lcd/-/png-to-lcd-1.0.3.tgz",
      "integrity": "sha1-QzH6YZlLJ2/Otnxbv2HZiDPBTBY=",
      "requires": {
        "floyd-steinberg": "1.0.5",
        "pngparse": "2.0.1"
      }
    },
    "pngparse": {
      "version": "2.0.1",
      "resolved": "https://registry.npmjs.org/pngparse/-/pngparse-2.0.1.tgz",
      "integrity": "sha1-hoUt5N40n077HoUudSVlXlrF37g="
    },
    "repl": {
      "version": "0.1.3",
      "resolved": "https://registry.npmjs.org/repl/-/repl-0.1.3.tgz",
      "integrity": "sha1-LwXUKwyItD0FzL2hDtFK7/Vpm2A="
    },
    "underscore": {
      "version": "1.8.2",
      "resolved": "https://registry.npmjs.org/underscore/-/underscore-1.8.2.tgz",
      "integrity": "sha1-ZN8utZCJnelQeC83NRkLpC6/MR0="
    }
  }
}
